
Microsoft Visual Studio Solution File, Format Version 12.00
# Visual Studio Version 17
VisualStudioVersion = 17.5.002.0
MinimumVisualStudioVersion = 10.0.40219.1
Project("{2150E333-8FDC-42A3-9474-1A3956D46DE8}") = "DatingApp", "DatingApp", "{5D263450-2A31-4431-AF96-A08E7EF66213}"
EndProject
Project("{9A19103F-16F7-4668-BE54-9A1E7A4F7556}") = "API", "DatingApp\API\API.csproj", "{3728A053-9A45-4B7C-ACC1-95701E61B998}"
EndProject
Global
	GlobalSection(SolutionConfigurationPlatforms) = preSolution
		Debug|Any CPU = Debug|Any CPU
		Release|Any CPU = Release|Any CPU
	EndGlobalSection
	GlobalSection(ProjectConfigurationPlatforms) = postSolution
		{3728A053-9A45-4B7C-ACC1-95701E61B998}.Debug|Any CPU.ActiveCfg = Debug|Any CPU
		{3728A053-9A45-4B7C-ACC1-95701E61B998}.Debug|Any CPU.Build.0 = Debug|Any CPU
		{3728A053-9A45-4B7C-ACC1-95701E61B998}.Release|Any CPU.ActiveCfg = Release|Any CPU
		{3728A053-9A45-4B7C-ACC1-95701E61B998}.Release|Any CPU.Build.0 = Release|Any CPU
	EndGlobalSection
	GlobalSection(SolutionProperties) = preSolution
		HideSolutionNode = FALSE
	EndGlobalSection
	GlobalSection(NestedProjects) = preSolution
		{3728A053-9A45-4B7C-ACC1-95701E61B998} = {5D263450-2A31-4431-AF96-A08E7EF66213}
	EndGlobalSection
	GlobalSection(ExtensibilityGlobals) = postSolution
		SolutionGuid = {4BE2BC67-F4E5-4AF6-B58B-A558AFC1911E}
	EndGlobalSection
EndGlobal
